
Microsoft Visual Studio Solution File, Format Version 12.00
# Visual Studio 14
VisualStudioVersion = 14.0.23107.0
MinimumVisualStudioVersion = 10.0.40219.1
Project("{FAE04EC0-301F-11D3-BF4B-00C04F79EFBC}") = "MonitorSystem", "MonitorSystem\MonitorSystem.csproj", "{AAE36CBC-EF4D-4841-98D8-138D9EDFD4DE}"
EndProject
Global
	GlobalSection(SolutionConfigurationPlatforms) = preSolution
		Debug|Any CPU = Debug|Any CPU
		Debug|x86 = Debug|x86
		Release|Any CPU = Release|Any CPU
		Release|x86 = Release|x86
	EndGlobalSection
	GlobalSection(ProjectConfigurationPlatforms) = postSolution
		{AAE36CBC-EF4D-4841-98D8-138D9EDFD4DE}.Debug|Any CPU.ActiveCfg = Debug|Any CPU
		{AAE36CBC-EF4D-4841-98D8-138D9EDFD4DE}.Debug|Any CPU.Build.0 = Debug|Any CPU
		{AAE36CBC-EF4D-4841-98D8-138D9EDFD4DE}.Debug|x86.ActiveCfg = Debug|x86
		{AAE36CBC-EF4D-4841-98D8-138D9EDFD4DE}.Debug|x86.Build.0 = Debug|x86
		{AAE36CBC-EF4D-4841-98D8-138D9EDFD4DE}.Release|Any CPU.ActiveCfg = Release|Any CPU
		{AAE36CBC-EF4D-4841-98D8-138D9EDFD4DE}.Release|Any CPU.Build.0 = Release|Any CPU
		{AAE36CBC-EF4D-4841-98D8-138D9EDFD4DE}.Release|x86.ActiveCfg = Release|x86
		{AAE36CBC-EF4D-4841-98D8-138D9EDFD4DE}.Release|x86.Build.0 = Release|x86
	EndGlobalSection
	GlobalSection(SolutionProperties) = preSolution
		HideSolutionNode = FALSE
	EndGlobalSection
EndGlobal
